
Microsoft Visual Studio Solution File, Format Version 12.00
Project("{FAE04EC0-301F-11D3-BF4B-00C04F79EFBC}") = "Kaewsai.Sync.SyncApi", "Kaewsai.Sync.SyncApi\Kaewsai.Sync.SyncApi.csproj", "{ABF78E24-2D17-4CB8-BD04-B952534519F0}"
EndProject
Project("{FAE04EC0-301F-11D3-BF4B-00C04F79EFBC}") = "Kaewsai.Sync.SyncApi.Domain", "Kaewsai.Sync.SyncApi.Domain\Kaewsai.Sync.SyncApi.Domain.csproj", "{598650E9-E7FE-41E3-BBF7-BA53C732705B}"
EndProject
Global
	GlobalSection(SolutionConfigurationPlatforms) = preSolution
		Debug|Any CPU = Debug|Any CPU
		Release|Any CPU = Release|Any CPU
	EndGlobalSection
	GlobalSection(ProjectConfigurationPlatforms) = postSolution
		{ABF78E24-2D17-4CB8-BD04-B952534519F0}.Debug|Any CPU.ActiveCfg = Debug|Any CPU
		{ABF78E24-2D17-4CB8-BD04-B952534519F0}.Debug|Any CPU.Build.0 = Debug|Any CPU
		{ABF78E24-2D17-4CB8-BD04-B952534519F0}.Release|Any CPU.ActiveCfg = Release|Any CPU
		{ABF78E24-2D17-4CB8-BD04-B952534519F0}.Release|Any CPU.Build.0 = Release|Any CPU
		{598650E9-E7FE-41E3-BBF7-BA53C732705B}.Debug|Any CPU.ActiveCfg = Debug|Any CPU
		{598650E9-E7FE-41E3-BBF7-BA53C732705B}.Debug|Any CPU.Build.0 = Debug|Any CPU
		{598650E9-E7FE-41E3-BBF7-BA53C732705B}.Release|Any CPU.ActiveCfg = Release|Any CPU
		{598650E9-E7FE-41E3-BBF7-BA53C732705B}.Release|Any CPU.Build.0 = Release|Any CPU
	EndGlobalSection
EndGlobal
